<?xml version="1.0" encoding="utf-8"?>
<Project ToolsVersion="4.0" xmlns="http://schemas.microsoft.com/developer/msbuild/2003">
  <ItemGroup>
    <Filter Include="Source Files">
      <UniqueIdentifier>{4FC737F1-C7A5-4376-A066-2A32D752A2FF}</UniqueIdentifier>
      <Extensions>cpp;c;cc;cxx;c++;cppm;ixx;def;odl;idl;hpj;bat;asm;asmx</Extensions>
    </Filter>
    <Filter Include="Header Files">
      <UniqueIdentifier>{93995380-89BD-4b04-88EB-625FBE52EBFB}</UniqueIdentifier>
      <Extensions>h;hh;hpp;hxx;h++;hm;inl;inc;ipp;xsd</Extensions>
    </Filter>
    <Filter Include="Resource Files">
      <UniqueIdentifier>{67DA6AB6-F800-4c08-8B7A-83BB121AAD01}</UniqueIdentifier>
      <Extensions>rc;ico;cur;bmp;dlg;rc2;rct;bin;rgs;gif;jpg;jpeg;jpe;resx;tiff;tif;png;wav;mfcribbon-ms</Extensions>
    </Filter>
    <Filter Include="Source Files\Engine Code">
      <UniqueIdentifier>{e3c73547-7c54-43a9-b862-10d18a8d9c5b}</UniqueIdentifier>
    </Filter>
    <Filter Include="Source Files\Render Backend">
      <UniqueIdentifier>{1898de9c-509f-436a-bef9-29ea5b90b80f}</UniqueIdentifier>
    </Filter>
    <Filter Include="Source Files\Game Code">
      <UniqueIdentifier>{22348928-5095-4068-8e3f-9bb2d408cb2c}</UniqueIdentifier>
    </Filter>
    <Filter Include="Source Files\Engine Code\System">
      <UniqueIdentifier>{02691bfe-1970-46e7-acb4-076b7e5ca98e}</UniqueIdentifier>
    </Filter>
    <Filter Include="Source Files\Game Code\Scenes">
      <UniqueIdentifier>{7033f46b-4915-4ba1-81a5-e81222c14074}</UniqueIdentifier>
    </Filter>
    <Filter Include="Source Files\Engine Code\NonSystems">
      <UniqueIdentifier>{2172d49d-3684-4433-a5f4-1d9d00770735}</UniqueIdentifier>
    </Filter>
    <Filter Include="Source Files\Engine Code\System\SceneSystem">
      <UniqueIdentifier>{558b3ae7-b743-4b5a-85bd-debacd987de6}</UniqueIdentifier>
    </Filter>
    <Filter Include="Source Files\Engine Code\System\EntitySystem">
      <UniqueIdentifier>{2aa8897d-e39a-4791-a6e5-960c5fd2237c}</UniqueIdentifier>
    </Filter>
    <Filter Include="Source Files\Engine Code\System\EntitySystem\Entitiy">
      <UniqueIdentifier>{7a59fb8c-52ad-49ac-bd5a-8037656f1055}</UniqueIdentifier>
    </Filter>
    <Filter Include="Source Files\Engine Code\System\EntitySystem\Component">
      <UniqueIdentifier>{52334a97-935a-4940-8aad-4e58b3a46d1b}</UniqueIdentifier>
    </Filter>
    <Filter Include="Source Files\Game Code\Components">
      <UniqueIdentifier>{284b7390-5af0-4605-8e1a-2970849af5b0}</UniqueIdentifier>
    </Filter>
    <Filter Include="Source Files\Engine Code\System\EntitySystem\EntityContainer">
      <UniqueIdentifier>{b4819336-aeaa-4588-95a4-a2993362d6de}</UniqueIdentifier>
    </Filter>
    <Filter Include="Source Files\Engine Code\System\EntitySystem\Component\Build-In Components">
      <UniqueIdentifier>{d5c92178-8cec-487e-afd9-de8ebb1832ed}</UniqueIdentifier>
    </Filter>
    <Filter Include="Source Files\Engine Code\System\EntitySystem\Component\Build-In Components\Transform">
      <UniqueIdentifier>{aeec19a4-5b55-4442-b241-1ac771b89fd7}</UniqueIdentifier>
    </Filter>
    <Filter Include="Source Files\Engine Code\System\EntitySystem\Component\Build-In Components\Mesh">
      <UniqueIdentifier>{e1661955-a69b-4bc6-871c-131d82d2e6bf}</UniqueIdentifier>
    </Filter>
    <Filter Include="Source Files\Engine Code\System\EntitySystem\Component\Build-In Components\Physics">
      <UniqueIdentifier>{71302e7f-49b6-4b7a-a797-3cabe4343d86}</UniqueIdentifier>
    </Filter>
    <Filter Include="Source Files\Engine Code\System\EntitySystem\Component\Build-In Components\Sprite">
      <UniqueIdentifier>{524731e3-74c9-4230-ae86-256677765fe1}</UniqueIdentifier>
    </Filter>
    <Filter Include="Source Files\Engine Code\System\EntitySystem\Component\Build-In Components\Physics\Colliders">
      <UniqueIdentifier>{48f16b6c-9184-40d4-beba-46dd3c61ea2c}</UniqueIdentifier>
    </Filter>
    <Filter Include="Source Files\Engine Code\System\EntitySystem\Component\Build-In Components\Physics\Colliders\Rectangle">
      <UniqueIdentifier>{9c7faef3-1c1a-47cc-865c-cf6cf0e4607f}</UniqueIdentifier>
    </Filter>
    <Filter Include="Source Files\Engine Code\System\EntitySystem\Component\Build-In Components\Physics\Colliders\Circle">
      <UniqueIdentifier>{9f92da6b-eeb6-47ba-9825-5e9ca2521f72}</UniqueIdentifier>
    </Filter>
    <Filter Include="Source Files\Engine Code\System\EntitySystem\Component\Build-In Components\Animation">
      <UniqueIdentifier>{5f4844a0-e535-4c9e-8d9d-03aa1874e9e2}</UniqueIdentifier>
    </Filter>
    <Filter Include="Source Files\Engine Code\System\EntitySystem\Component\Build-In Components\Behavior">
      <UniqueIdentifier>{a2e03650-a50c-47c3-8e8c-958eb4f8ffe5}</UniqueIdentifier>
    </Filter>
    <Filter Include="Source Files\Game Code\Behaviors">
      <UniqueIdentifier>{a77c67d4-9429-4bb3-bbe5-56c67c1d7e47}</UniqueIdentifier>
    </Filter>
    <Filter Include="Source Files\Game Code\Behaviors\Player Behaviors">
      <UniqueIdentifier>{e38140d8-910e-48cb-af71-4aee68a6e9ad}</UniqueIdentifier>
    </Filter>
    <Filter Include="Source Files\Engine Code\System\Collision Ledger">
      <UniqueIdentifier>{e6fbcf7c-6801-45a0-94ed-ee0504df3bed}</UniqueIdentifier>
    </Filter>
  </ItemGroup>
  <ItemGroup>
    <ClCompile Include="Main.cpp">
      <Filter>Source Files</Filter>
    </ClCompile>
    <ClCompile Include="Render API.cpp">
      <Filter>Source Files\Render Backend</Filter>
    </ClCompile>
    <ClCompile Include="mesh.cpp">
      <Filter>Source Files\Render Backend</Filter>
    </ClCompile>
    <ClCompile Include="Time.cpp">
      <Filter>Source Files\Render Backend</Filter>
    </ClCompile>
    <ClCompile Include="EventProcessing.cpp">
      <Filter>Source Files\Render Backend</Filter>
    </ClCompile>
    <ClCompile Include="InputSystem.cpp">
      <Filter>Source Files\Render Backend</Filter>
    </ClCompile>
    <ClCompile Include="Textures.cpp">
      <Filter>Source Files\Render Backend</Filter>
    </ClCompile>
    <ClCompile Include="Engine.cpp">
      <Filter>Source Files\Engine Code</Filter>
    </ClCompile>
    <ClCompile Include="SceneSystem.cpp">
      <Filter>Source Files\Engine Code\System\SceneSystem</Filter>
    </ClCompile>
    <ClCompile Include="EntitySystem.cpp">
      <Filter>Source Files\Engine Code\System\EntitySystem</Filter>
    </ClCompile>
    <ClCompile Include="Component.cpp">
      <Filter>Source Files\Engine Code\System\EntitySystem\Component</Filter>
    </ClCompile>
    <ClCompile Include="Entity.cpp">
      <Filter>Source Files\Engine Code\System\EntitySystem\Entitiy</Filter>
    </ClCompile>
    <ClCompile Include="Transform.cpp">
      <Filter>Source Files\Engine Code\System\EntitySystem\Component\Build-In Components\Transform</Filter>
    </ClCompile>
    <ClCompile Include="MeshComp.cpp">
      <Filter>Source Files\Engine Code\System\EntitySystem\Component\Build-In Components\Mesh</Filter>
    </ClCompile>
    <ClCompile Include="Physics.cpp">
      <Filter>Source Files\Engine Code\System\EntitySystem\Component\Build-In Components\Physics</Filter>
    </ClCompile>
    <ClCompile Include="Collider.cpp">
      <Filter>Source Files\Engine Code\System\EntitySystem\Component\Build-In Components\Physics\Colliders</Filter>
    </ClCompile>
    <ClCompile Include="RectCollider.cpp">
      <Filter>Source Files\Engine Code\System\EntitySystem\Component\Build-In Components\Physics\Colliders\Rectangle</Filter>
    </ClCompile>
    <ClCompile Include="CollissionFunctions.cpp">
      <Filter>Source Files\Engine Code\System\EntitySystem\Component\Build-In Components\Physics\Colliders</Filter>
    </ClCompile>
    <ClCompile Include="Container.cpp">
      <Filter>Source Files\Engine Code\System\EntitySystem\EntityContainer</Filter>
    </ClCompile>
    <ClCompile Include="EllipCollider.cpp">
      <Filter>Source Files\Engine Code\System\EntitySystem\Component\Build-In Components\Physics\Colliders\Circle</Filter>
    </ClCompile>
    <ClCompile Include="Sprite.cpp">
      <Filter>Source Files\Engine Code\System\EntitySystem\Component\Build-In Components\Sprite</Filter>
    </ClCompile>
    <ClCompile Include="Animation.cpp">
      <Filter>Source Files\Engine Code\System\EntitySystem\Component\Build-In Components\Animation</Filter>
    </ClCompile>
    <ClCompile Include="Behavior.cpp">
      <Filter>Source Files\Engine Code\System\EntitySystem\Component\Build-In Components\Behavior</Filter>
    </ClCompile>
    <ClCompile Include="Stream.cpp">
      <Filter>Source Files\Engine Code\NonSystems</Filter>
    </ClCompile>
    <ClCompile Include="PlayerController.cpp">
      <Filter>Source Files\Game Code\Behaviors\Player Behaviors</Filter>
    </ClCompile>
    <ClCompile Include="CollisionLedger.cpp">
      <Filter>Source Files\Engine Code\System\Collision Ledger</Filter>
    </ClCompile>
  </ItemGroup>
  <ItemGroup>
    <ClInclude Include="Render API.h">
      <Filter>Source Files\Render Backend</Filter>
    </ClInclude>
    <ClInclude Include="mesh.h">
      <Filter>Source Files\Render Backend</Filter>
    </ClInclude>
    <ClInclude Include="Time.h">
      <Filter>Source Files\Render Backend</Filter>
    </ClInclude>
    <ClInclude Include="EventProcessing.h">
      <Filter>Source Files\Render Backend</Filter>
    </ClInclude>
    <ClInclude Include="Object.hpp">
      <Filter>Header Files</Filter>
    </ClInclude>
    <ClInclude Include="Backend.h">
      <Filter>Header Files</Filter>
    </ClInclude>
    <ClInclude Include="InputSystem.h">
      <Filter>Source Files\Render Backend</Filter>
    </ClInclude>
    <ClInclude Include="Engine.h">
      <Filter>Source Files\Engine Code</Filter>
    </ClInclude>
    <ClInclude Include="system.h">
      <Filter>Source Files\Engine Code\System</Filter>
    </ClInclude>
    <ClInclude Include="Scene.h">
      <Filter>Source Files\Engine Code</Filter>
    </ClInclude>
    <ClInclude Include="Temp.h">
      <Filter>Source Files\Game Code\Scenes</Filter>
    </ClInclude>
    <ClInclude Include="Textures.h">
      <Filter>Source Files\Render Backend</Filter>
    </ClInclude>
    <ClInclude Include="SceneSystem.h">
      <Filter>Source Files\Engine Code\System\SceneSystem</Filter>
    </ClInclude>
    <ClInclude Include="EntitySystem.h">
      <Filter>Source Files\Engine Code\System\EntitySystem</Filter>
    </ClInclude>
    <ClInclude Include="Entity.h">
      <Filter>Source Files\Engine Code\System\EntitySystem\Entitiy</Filter>
    </ClInclude>
    <ClInclude Include="Component.h">
      <Filter>Source Files\Engine Code\System\EntitySystem\Component</Filter>
    </ClInclude>
    <ClInclude Include="EnumMacros.h">
      <Filter>Header Files</Filter>
    </ClInclude>
    <ClInclude Include="Container.h">
      <Filter>Source Files\Engine Code\System\EntitySystem\EntityContainer</Filter>
    </ClInclude>
    <ClInclude Include="Component_Stim.h">
      <Filter>Source Files\Engine Code\System\EntitySystem\Component</Filter>
    </ClInclude>
    <ClInclude Include="Transform.h">
      <Filter>Source Files\Engine Code\System\EntitySystem\Component\Build-In Components\Transform</Filter>
    </ClInclude>
    <ClInclude Include="MeshComp.h">
      <Filter>Source Files\Engine Code\System\EntitySystem\Component\Build-In Components\Mesh</Filter>
    </ClInclude>
    <ClInclude Include="Physics.h">
      <Filter>Source Files\Engine Code\System\EntitySystem\Component\Build-In Components\Physics</Filter>
    </ClInclude>
    <ClInclude Include="Collider.h">
      <Filter>Source Files\Engine Code\System\EntitySystem\Component\Build-In Components\Physics\Colliders</Filter>
    </ClInclude>
    <ClInclude Include="RectCollider.h">
      <Filter>Source Files\Engine Code\System\EntitySystem\Component\Build-In Components\Physics\Colliders\Rectangle</Filter>
    </ClInclude>
    <ClInclude Include="CollisionFunctions.h">
      <Filter>Source Files\Engine Code\System\EntitySystem\Component\Build-In Components\Physics\Colliders</Filter>
    </ClInclude>
    <ClInclude Include="EllipCollider.h">
      <Filter>Source Files\Engine Code\System\EntitySystem\Component\Build-In Components\Physics\Colliders\Circle</Filter>
    </ClInclude>
    <ClInclude Include="Sprite.h">
      <Filter>Source Files\Engine Code\System\EntitySystem\Component\Build-In Components\Sprite</Filter>
    </ClInclude>
    <ClInclude Include="Animation.h">
      <Filter>Source Files\Engine Code\System\EntitySystem\Component\Build-In Components\Animation</Filter>
    </ClInclude>
    <ClInclude Include="Behavior.h">
      <Filter>Source Files\Engine Code\System\EntitySystem\Component\Build-In Components\Behavior</Filter>
    </ClInclude>
    <ClInclude Include="RNG.h">
      <Filter>Source Files\Engine Code\NonSystems</Filter>
    </ClInclude>
    <ClInclude Include="Stream.h">
      <Filter>Source Files\Engine Code\NonSystems</Filter>
    </ClInclude>
    <ClInclude Include="Behaviour_templater.h">
      <Filter>Source Files\Engine Code\System\EntitySystem\Component\Build-In Components\Behavior</Filter>
    </ClInclude>
    <ClInclude Include="PlayerController.h">
      <Filter>Source Files\Game Code\Behaviors\Player Behaviors</Filter>
    </ClInclude>
    <ClInclude Include="CollisionLedger.h">
      <Filter>Source Files\Engine Code\System\Collision Ledger</Filter>
    </ClInclude>
  </ItemGroup>
</Project>